
Microsoft Visual Studio Solution File, Format Version 12.00
# Visual Studio Version 17
VisualStudioVersion = 17.9.34723.18
MinimumVisualStudioVersion = 10.0.40219.1
Project("{FAE04EC0-301F-11D3-BF4B-00C04F79EFBC}") = "KuzeyYeli", "KuzeyYeli\KuzeyYeli.csproj", "{24AAF297-50B7-4C16-BEA6-19E4A793F685}"
EndProject
Global
	GlobalSection(SolutionConfigurationPlatforms) = preSolution
		Debug|Any CPU = Debug|Any CPU
		Release|Any CPU = Release|Any CPU
	EndGlobalSection
	GlobalSection(ProjectConfigurationPlatforms) = postSolution
		{24AAF297-50B7-4C16-BEA6-19E4A793F685}.Debug|Any CPU.ActiveCfg = Debug|Any CPU
		{24AAF297-50B7-4C16-BEA6-19E4A793F685}.Debug|Any CPU.Build.0 = Debug|Any CPU
		{24AAF297-50B7-4C16-BEA6-19E4A793F685}.Release|Any CPU.ActiveCfg = Release|Any CPU
		{24AAF297-50B7-4C16-BEA6-19E4A793F685}.Release|Any CPU.Build.0 = Release|Any CPU
	EndGlobalSection
	GlobalSection(SolutionProperties) = preSolution
		HideSolutionNode = FALSE
	EndGlobalSection
	GlobalSection(ExtensibilityGlobals) = postSolution
		SolutionGuid = {22431040-A69E-41F9-BC01-D57B8BD4467F}
	EndGlobalSection
EndGlobal
